{
  "name": "sta-bork",
  "version": "0.0.1",
  "lockfileVersion": 2,
  "requires": true,
  "packages": {
    "": {
      "name": "sta-bork",
      "version": "0.0.1",
      "license": "MIT",
      "dependencies": {
        "borkfuscator": "^0.0.6"
      }
    },
    "node_modules/borkfuscator": {
      "version": "0.0.6",
      "resolved": "https://registry.npmjs.org/borkfuscator/-/borkfuscator-0.0.6.tgz",
      "integrity": "sha512-dzeJAnmAXgVEWvBLXOi2bG+sY7u5jdLzP0bBf+rIkZQM0QKezFNJ3aHcl5b/ZYU4yFvhCjOABHN3Qc6rD5o2tA=="
    }
  },
  "dependencies": {
    "borkfuscator": {
      "version": "0.0.6",
      "resolved": "https://registry.npmjs.org/borkfuscator/-/borkfuscator-0.0.6.tgz",
      "integrity": "sha512-dzeJAnmAXgVEWvBLXOi2bG+sY7u5jdLzP0bBf+rIkZQM0QKezFNJ3aHcl5b/ZYU4yFvhCjOABHN3Qc6rD5o2tA=="
    }
  }
}
