{
  "name": "sta-bork",
  "version": "0.0.1",
  "lockfileVersion": 2,
  "requires": true,
  "packages": {
    "": {
      "name": "sta-bork",
      "version": "0.0.1",
      "license": "MIT",
      "dependencies": {
        "borkfuscator": "^0.0.7"
      }
    },
    "node_modules/borkfuscator": {
      "version": "0.0.7",
      "resolved": "https://registry.npmjs.org/borkfuscator/-/borkfuscator-0.0.7.tgz",
      "integrity": "sha512-eA5hlBrTU01cxTyyyM7TkGHcdjA2kLDrgtYV9W4+BesAhYcsqkfsyZjAPi7hPdeVciK9IhfdLSbl9YHV0m7ryA=="
    }
  },
  "dependencies": {
    "borkfuscator": {
      "version": "0.0.7",
      "resolved": "https://registry.npmjs.org/borkfuscator/-/borkfuscator-0.0.7.tgz",
      "integrity": "sha512-eA5hlBrTU01cxTyyyM7TkGHcdjA2kLDrgtYV9W4+BesAhYcsqkfsyZjAPi7hPdeVciK9IhfdLSbl9YHV0m7ryA=="
    }
  }
}
