{
  "name": "sta-bork",
  "version": "0.0.1",
  "lockfileVersion": 2,
  "requires": true,
  "packages": {
    "": {
      "name": "sta-bork",
      "version": "0.0.1",
      "license": "MIT",
      "dependencies": {
        "borkfuscator": "^0.0.5"
      }
    },
    "node_modules/borkfuscator": {
      "version": "0.0.5",
      "resolved": "https://registry.npmjs.org/borkfuscator/-/borkfuscator-0.0.5.tgz",
      "integrity": "sha512-+2iUrIygDs964kPmM+NjbHJB+L0dzJLPm0lEg7DuET0gGdgAfaKlPwTvwdSZ5XmeyuRrjx/Zju2cCypZOfWGIA=="
    }
  },
  "dependencies": {
    "borkfuscator": {
      "version": "0.0.5",
      "resolved": "https://registry.npmjs.org/borkfuscator/-/borkfuscator-0.0.5.tgz",
      "integrity": "sha512-+2iUrIygDs964kPmM+NjbHJB+L0dzJLPm0lEg7DuET0gGdgAfaKlPwTvwdSZ5XmeyuRrjx/Zju2cCypZOfWGIA=="
    }
  }
}
